
Microsoft Visual Studio Solution File, Format Version 12.00
# Visual Studio 15
VisualStudioVersion = 15.0.28307.271
MinimumVisualStudioVersion = 10.0.40219.1
Project("{9A19103F-16F7-4668-BE54-9A1E7A4F7556}") = "MiniProject1", "MiniProject1\MiniProject1.csproj", "{653F5352-6068-4CAD-8497-2F324BFFA4F6}"
EndProject
Project("{9A19103F-16F7-4668-BE54-9A1E7A4F7556}") = "MiniProject2", "MiniProject2\MiniProject2.csproj", "{F189C5CC-B450-4D80-9CD4-52BD06898FAF}"
EndProject
Project("{FAE04EC0-301F-11D3-BF4B-00C04F79EFBC}") = "MiniProject3", "MiniProject3\MiniProject3.csproj", "{11140149-811B-4494-9960-E7DCF4562D52}"
EndProject
Global
	GlobalSection(SolutionConfigurationPlatforms) = preSolution
		Debug|Any CPU = Debug|Any CPU
		Release|Any CPU = Release|Any CPU
	EndGlobalSection
	GlobalSection(ProjectConfigurationPlatforms) = postSolution
		{653F5352-6068-4CAD-8497-2F324BFFA4F6}.Debug|Any CPU.ActiveCfg = Debug|Any CPU
		{653F5352-6068-4CAD-8497-2F324BFFA4F6}.Debug|Any CPU.Build.0 = Debug|Any CPU
		{653F5352-6068-4CAD-8497-2F324BFFA4F6}.Release|Any CPU.ActiveCfg = Release|Any CPU
		{653F5352-6068-4CAD-8497-2F324BFFA4F6}.Release|Any CPU.Build.0 = Release|Any CPU
		{F189C5CC-B450-4D80-9CD4-52BD06898FAF}.Debug|Any CPU.ActiveCfg = Debug|Any CPU
		{F189C5CC-B450-4D80-9CD4-52BD06898FAF}.Debug|Any CPU.Build.0 = Debug|Any CPU
		{F189C5CC-B450-4D80-9CD4-52BD06898FAF}.Release|Any CPU.ActiveCfg = Release|Any CPU
		{F189C5CC-B450-4D80-9CD4-52BD06898FAF}.Release|Any CPU.Build.0 = Release|Any CPU
		{11140149-811B-4494-9960-E7DCF4562D52}.Debug|Any CPU.ActiveCfg = Debug|Any CPU
		{11140149-811B-4494-9960-E7DCF4562D52}.Debug|Any CPU.Build.0 = Debug|Any CPU
		{11140149-811B-4494-9960-E7DCF4562D52}.Release|Any CPU.ActiveCfg = Release|Any CPU
		{11140149-811B-4494-9960-E7DCF4562D52}.Release|Any CPU.Build.0 = Release|Any CPU
	EndGlobalSection
	GlobalSection(SolutionProperties) = preSolution
		HideSolutionNode = FALSE
	EndGlobalSection
	GlobalSection(ExtensibilityGlobals) = postSolution
		SolutionGuid = {7D605E07-ADA2-456B-B87C-2F68B5B07B33}
	EndGlobalSection
EndGlobal
